<?xml version="1.0" encoding="UTF-8" standalone="yes" ?>
<CodeBlocks_project_file>
   <FileVersion major="1" minor="6" />
   <Project>
      <Option title="aruco_ogre_test" />
      <Option makefile_is_custom="1" />
      <Option compiler="gcc" />
      <Option virtualFolders="CMake Files\;CMake Files\..\;CMake Files\..\..\;CMake Files\..\..\..\;CMake Files\..\..\..\..\;CMake Files\..\..\..\..\..\;CMake Files\..\..\..\..\..\usr\;CMake Files\..\..\..\..\..\usr\local\;CMake Files\..\..\..\..\..\usr\local\share\;CMake Files\..\..\..\..\..\usr\local\share\OpenCV\;CMake Files\..\..\..\..\..\usr\local\lib\;CMake Files\..\..\..\..\..\usr\local\lib\cmake\;CMake Files\..\..\..\..\..\usr\local\lib\OGRE\;CMake Files\..\..\..\..\..\usr\local\lib\OGRE\cmake\;" />
      <Build>
      <Target title="all">
         <Option working_dir="/home/sharganov/workspace/projects/ogre-test" />
         <Option type="4" />
         <MakeCommands>
            <Build command="/usr/bin/make -f &quot;/home/sharganov/workspace/projects/ogre-test/Makefile&quot;  VERBOSE=1 all" />
            <CompileFile command="/usr/bin/make -f &quot;/home/sharganov/workspace/projects/ogre-test/Makefile&quot;  VERBOSE=1 &quot;$file&quot;" />
            <Clean command="/usr/bin/make -f &quot;/home/sharganov/workspace/projects/ogre-test/Makefile&quot;  VERBOSE=1 clean" />
            <DistClean command="/usr/bin/make -f &quot;/home/sharganov/workspace/projects/ogre-test/Makefile&quot;  VERBOSE=1 clean" />
         </MakeCommands>
      </Target>
      <Target title="aruco_test_board_ogre">
         <Option output="/home/sharganov/workspace/projects/ogre-test/aruco_test_board_ogre" prefix_auto="0" extension_auto="0" />
         <Option working_dir="/home/sharganov/workspace/projects/ogre-test" />
         <Option object_output="./" />
         <Option type="1" />
         <Option compiler="gcc" />
         <Compiler>
            <Add directory="/usr/local/include" />
            <Add directory="/usr/local/include/OGRE" />
            <Add directory="/usr/local/include/opencv" />
         </Compiler>
         <MakeCommands>
            <Build command="/usr/bin/make -f &quot;/home/sharganov/workspace/projects/ogre-test/Makefile&quot;  VERBOSE=1 aruco_test_board_ogre" />
            <CompileFile command="/usr/bin/make -f &quot;/home/sharganov/workspace/projects/ogre-test/Makefile&quot;  VERBOSE=1 &quot;$file&quot;" />
            <Clean command="/usr/bin/make -f &quot;/home/sharganov/workspace/projects/ogre-test/Makefile&quot;  VERBOSE=1 clean" />
            <DistClean command="/usr/bin/make -f &quot;/home/sharganov/workspace/projects/ogre-test/Makefile&quot;  VERBOSE=1 clean" />
         </MakeCommands>
      </Target>
      <Target title="aruco_test_board_ogre/fast">
         <Option output="/home/sharganov/workspace/projects/ogre-test/aruco_test_board_ogre" prefix_auto="0" extension_auto="0" />
         <Option working_dir="/home/sharganov/workspace/projects/ogre-test" />
         <Option object_output="./" />
         <Option type="1" />
         <Option compiler="gcc" />
         <Compiler>
            <Add directory="/usr/local/include" />
            <Add directory="/usr/local/include/OGRE" />
            <Add directory="/usr/local/include/opencv" />
         </Compiler>
         <MakeCommands>
            <Build command="/usr/bin/make -f &quot;/home/sharganov/workspace/projects/ogre-test/Makefile&quot;  VERBOSE=1 aruco_test_board_ogre/fast" />
            <CompileFile command="/usr/bin/make -f &quot;/home/sharganov/workspace/projects/ogre-test/Makefile&quot;  VERBOSE=1 &quot;$file&quot;" />
            <Clean command="/usr/bin/make -f &quot;/home/sharganov/workspace/projects/ogre-test/Makefile&quot;  VERBOSE=1 clean" />
            <DistClean command="/usr/bin/make -f &quot;/home/sharganov/workspace/projects/ogre-test/Makefile&quot;  VERBOSE=1 clean" />
         </MakeCommands>
      </Target>
      <Target title="aruco_test_board_ogre_mask">
         <Option output="/home/sharganov/workspace/projects/ogre-test/aruco_test_board_ogre_mask" prefix_auto="0" extension_auto="0" />
         <Option working_dir="/home/sharganov/workspace/projects/ogre-test" />
         <Option object_output="./" />
         <Option type="1" />
         <Option compiler="gcc" />
         <Compiler>
            <Add directory="/usr/local/include" />
            <Add directory="/usr/local/include/OGRE" />
            <Add directory="/usr/local/include/opencv" />
         </Compiler>
         <MakeCommands>
            <Build command="/usr/bin/make -f &quot;/home/sharganov/workspace/projects/ogre-test/Makefile&quot;  VERBOSE=1 aruco_test_board_ogre_mask" />
            <CompileFile command="/usr/bin/make -f &quot;/home/sharganov/workspace/projects/ogre-test/Makefile&quot;  VERBOSE=1 &quot;$file&quot;" />
            <Clean command="/usr/bin/make -f &quot;/home/sharganov/workspace/projects/ogre-test/Makefile&quot;  VERBOSE=1 clean" />
            <DistClean command="/usr/bin/make -f &quot;/home/sharganov/workspace/projects/ogre-test/Makefile&quot;  VERBOSE=1 clean" />
         </MakeCommands>
      </Target>
      <Target title="aruco_test_board_ogre_mask/fast">
         <Option output="/home/sharganov/workspace/projects/ogre-test/aruco_test_board_ogre_mask" prefix_auto="0" extension_auto="0" />
         <Option working_dir="/home/sharganov/workspace/projects/ogre-test" />
         <Option object_output="./" />
         <Option type="1" />
         <Option compiler="gcc" />
         <Compiler>
            <Add directory="/usr/local/include" />
            <Add directory="/usr/local/include/OGRE" />
            <Add directory="/usr/local/include/opencv" />
         </Compiler>
         <MakeCommands>
            <Build command="/usr/bin/make -f &quot;/home/sharganov/workspace/projects/ogre-test/Makefile&quot;  VERBOSE=1 aruco_test_board_ogre_mask/fast" />
            <CompileFile command="/usr/bin/make -f &quot;/home/sharganov/workspace/projects/ogre-test/Makefile&quot;  VERBOSE=1 &quot;$file&quot;" />
            <Clean command="/usr/bin/make -f &quot;/home/sharganov/workspace/projects/ogre-test/Makefile&quot;  VERBOSE=1 clean" />
            <DistClean command="/usr/bin/make -f &quot;/home/sharganov/workspace/projects/ogre-test/Makefile&quot;  VERBOSE=1 clean" />
         </MakeCommands>
      </Target>
      <Target title="aruco_test_ogre">
         <Option output="/home/sharganov/workspace/projects/ogre-test/aruco_test_ogre" prefix_auto="0" extension_auto="0" />
         <Option working_dir="/home/sharganov/workspace/projects/ogre-test" />
         <Option object_output="./" />
         <Option type="1" />
         <Option compiler="gcc" />
         <Compiler>
            <Add directory="/usr/local/include" />
            <Add directory="/usr/local/include/OGRE" />
            <Add directory="/usr/local/include/opencv" />
         </Compiler>
         <MakeCommands>
            <Build command="/usr/bin/make -f &quot;/home/sharganov/workspace/projects/ogre-test/Makefile&quot;  VERBOSE=1 aruco_test_ogre" />
            <CompileFile command="/usr/bin/make -f &quot;/home/sharganov/workspace/projects/ogre-test/Makefile&quot;  VERBOSE=1 &quot;$file&quot;" />
            <Clean command="/usr/bin/make -f &quot;/home/sharganov/workspace/projects/ogre-test/Makefile&quot;  VERBOSE=1 clean" />
            <DistClean command="/usr/bin/make -f &quot;/home/sharganov/workspace/projects/ogre-test/Makefile&quot;  VERBOSE=1 clean" />
         </MakeCommands>
      </Target>
      <Target title="aruco_test_ogre/fast">
         <Option output="/home/sharganov/workspace/projects/ogre-test/aruco_test_ogre" prefix_auto="0" extension_auto="0" />
         <Option working_dir="/home/sharganov/workspace/projects/ogre-test" />
         <Option object_output="./" />
         <Option type="1" />
         <Option compiler="gcc" />
         <Compiler>
            <Add directory="/usr/local/include" />
            <Add directory="/usr/local/include/OGRE" />
            <Add directory="/usr/local/include/opencv" />
         </Compiler>
         <MakeCommands>
            <Build command="/usr/bin/make -f &quot;/home/sharganov/workspace/projects/ogre-test/Makefile&quot;  VERBOSE=1 aruco_test_ogre/fast" />
            <CompileFile command="/usr/bin/make -f &quot;/home/sharganov/workspace/projects/ogre-test/Makefile&quot;  VERBOSE=1 &quot;$file&quot;" />
            <Clean command="/usr/bin/make -f &quot;/home/sharganov/workspace/projects/ogre-test/Makefile&quot;  VERBOSE=1 clean" />
            <DistClean command="/usr/bin/make -f &quot;/home/sharganov/workspace/projects/ogre-test/Makefile&quot;  VERBOSE=1 clean" />
         </MakeCommands>
      </Target>
      <Target title="edit_cache">
         <Option working_dir="/home/sharganov/workspace/projects/ogre-test" />
         <Option type="4" />
         <MakeCommands>
            <Build command="/usr/bin/make -f &quot;/home/sharganov/workspace/projects/ogre-test/Makefile&quot;  VERBOSE=1 edit_cache" />
            <CompileFile command="/usr/bin/make -f &quot;/home/sharganov/workspace/projects/ogre-test/Makefile&quot;  VERBOSE=1 &quot;$file&quot;" />
            <Clean command="/usr/bin/make -f &quot;/home/sharganov/workspace/projects/ogre-test/Makefile&quot;  VERBOSE=1 clean" />
            <DistClean command="/usr/bin/make -f &quot;/home/sharganov/workspace/projects/ogre-test/Makefile&quot;  VERBOSE=1 clean" />
         </MakeCommands>
      </Target>
      <Target title="rebuild_cache">
         <Option working_dir="/home/sharganov/workspace/projects/ogre-test" />
         <Option type="4" />
         <MakeCommands>
            <Build command="/usr/bin/make -f &quot;/home/sharganov/workspace/projects/ogre-test/Makefile&quot;  VERBOSE=1 rebuild_cache" />
            <CompileFile command="/usr/bin/make -f &quot;/home/sharganov/workspace/projects/ogre-test/Makefile&quot;  VERBOSE=1 &quot;$file&quot;" />
            <Clean command="/usr/bin/make -f &quot;/home/sharganov/workspace/projects/ogre-test/Makefile&quot;  VERBOSE=1 clean" />
            <DistClean command="/usr/bin/make -f &quot;/home/sharganov/workspace/projects/ogre-test/Makefile&quot;  VERBOSE=1 clean" />
         </MakeCommands>
      </Target>
      </Build>
      <Unit filename="/home/sharganov/workspace/projects/ogre-test/aruco_test_board_ogre.cpp">
      </Unit>
      <Unit filename="/home/sharganov/workspace/projects/ogre-test/aruco_test_board_ogre_mask.cpp">
      </Unit>
      <Unit filename="/home/sharganov/workspace/projects/ogre-test/aruco_test_ogre.cpp">
      </Unit>
      <Unit filename="/home/sharganov/workspace/projects/ogre-test/CMakeLists.txt">
          <Option virtualFolder="CMake Files\" />
      </Unit>
      <Unit filename="/home/sharganov/workspace/projects/ogre-test/plugins.cfg">
          <Option virtualFolder="CMake Files\" />
      </Unit>
      <Unit filename="/home/sharganov/workspace/projects/ogre-test/ogre.cfg">
          <Option virtualFolder="CMake Files\" />
      </Unit>
      <Unit filename="/home/sharganov/workspace/projects/ogre-test/Sinbad.zip">
          <Option virtualFolder="CMake Files\" />
      </Unit>
      <Unit filename="/home/sharganov/workspace/projects/ogre-test/../../../../../usr/local/share/OpenCV/OpenCVConfig-version.cmake">
          <Option virtualFolder="CMake Files\..\..\..\..\..\usr\local\share\OpenCV\" />
      </Unit>
      <Unit filename="/home/sharganov/workspace/projects/ogre-test/../../../../../usr/local/share/OpenCV/OpenCVConfig.cmake">
          <Option virtualFolder="CMake Files\..\..\..\..\..\usr\local\share\OpenCV\" />
      </Unit>
      <Unit filename="/home/sharganov/workspace/projects/ogre-test/../../../../../usr/local/share/OpenCV/OpenCVModules.cmake">
          <Option virtualFolder="CMake Files\..\..\..\..\..\usr\local\share\OpenCV\" />
      </Unit>
      <Unit filename="/home/sharganov/workspace/projects/ogre-test/../../../../../usr/local/share/OpenCV/OpenCVModules-release.cmake">
          <Option virtualFolder="CMake Files\..\..\..\..\..\usr\local\share\OpenCV\" />
      </Unit>
      <Unit filename="/home/sharganov/workspace/projects/ogre-test/../../../../../usr/local/lib/cmake/Findaruco.cmake">
          <Option virtualFolder="CMake Files\..\..\..\..\..\usr\local\lib\cmake\" />
      </Unit>
      <Unit filename="/home/sharganov/workspace/projects/ogre-test/../../../../../usr/local/lib/OGRE/cmake/FindOGRE.cmake">
          <Option virtualFolder="CMake Files\..\..\..\..\..\usr\local\lib\OGRE\cmake\" />
      </Unit>
      <Unit filename="/home/sharganov/workspace/projects/ogre-test/../../../../../usr/local/lib/OGRE/cmake/FindPkgMacros.cmake">
          <Option virtualFolder="CMake Files\..\..\..\..\..\usr\local\lib\OGRE\cmake\" />
      </Unit>
      <Unit filename="/home/sharganov/workspace/projects/ogre-test/../../../../../usr/local/lib/OGRE/cmake/PreprocessorUtils.cmake">
          <Option virtualFolder="CMake Files\..\..\..\..\..\usr\local\lib\OGRE\cmake\" />
      </Unit>
      <Unit filename="/home/sharganov/workspace/projects/ogre-test/../../../../../usr/local/lib/OGRE/cmake/FindOIS.cmake">
          <Option virtualFolder="CMake Files\..\..\..\..\..\usr\local\lib\OGRE\cmake\" />
      </Unit>
      <Unit filename="/home/sharganov/workspace/projects/ogre-test/../../../../../usr/local/lib/OGRE/cmake/FindPkgMacros.cmake">
          <Option virtualFolder="CMake Files\..\..\..\..\..\usr\local\lib\OGRE\cmake\" />
      </Unit>
   </Project>
</CodeBlocks_project_file>
